// !$*UTF8*$!
{
	archiveVersion = 1;
	classes = {
	};
	objectVersion = 56;
	objects = {

/* Begin PBXBuildFile section */
		B7B466C22B5A8C300082BE83 /* EditImageView.swift in Sources */ = {isa = PBXBuildFile; fileRef = B7B466C12B5A8C300082BE83 /* EditImageView.swift */; };
		B7B466C42B5A8EEA0082BE83 /* ImageInfo.swift in Sources */ = {isa = PBXBuildFile; fileRef = B7B466C32B5A8EEA0082BE83 /* ImageInfo.swift */; };
		B7B466C72B5A9E090082BE83 /* ImageVisualizerView.swift in Sources */ = {isa = PBXBuildFile; fileRef = B7B466C62B5A9E090082BE83 /* ImageVisualizerView.swift */; };
		B7B466CE2B5AA9AF0082BE83 /* DSNewImageView.swift in Sources */ = {isa = PBXBuildFile; fileRef = B7B466C92B5AA9AF0082BE83 /* DSNewImageView.swift */; };
		B7B466CF2B5AA9AF0082BE83 /* DSEditImageView.swift in Sources */ = {isa = PBXBuildFile; fileRef = B7B466CA2B5AA9AF0082BE83 /* DSEditImageView.swift */; };
		B7B466D02B5AA9AF0082BE83 /* DSHomeView.swift in Sources */ = {isa = PBXBuildFile; fileRef = B7B466CB2B5AA9AF0082BE83 /* DSHomeView.swift */; };
		B7B466D12B5AA9AF0082BE83 /* DSImageInfo.swift in Sources */ = {isa = PBXBuildFile; fileRef = B7B466CC2B5AA9AF0082BE83 /* DSImageInfo.swift */; };
		B7B466D22B5AA9AF0082BE83 /* DSImageVisualizerView.swift in Sources */ = {isa = PBXBuildFile; fileRef = B7B466CD2B5AA9AF0082BE83 /* DSImageVisualizerView.swift */; };
		B7B6A65E2B1F6FF3002FB3EB /* Virtual_CropApp.swift in Sources */ = {isa = PBXBuildFile; fileRef = B7B6A65D2B1F6FF3002FB3EB /* Virtual_CropApp.swift */; };
		B7B6A6602B1F6FF3002FB3EB /* ContentView.swift in Sources */ = {isa = PBXBuildFile; fileRef = B7B6A65F2B1F6FF3002FB3EB /* ContentView.swift */; };
		B7B6A6622B1F6FF4002FB3EB /* Assets.xcassets in Resources */ = {isa = PBXBuildFile; fileRef = B7B6A6612B1F6FF4002FB3EB /* Assets.xcassets */; };
		B7B6A6652B1F6FF4002FB3EB /* Preview Assets.xcassets in Resources */ = {isa = PBXBuildFile; fileRef = B7B6A6642B1F6FF4002FB3EB /* Preview Assets.xcassets */; };
		B7DC14FB2B58546600E15AA2 /* CropperEditorView.swift in Sources */ = {isa = PBXBuildFile; fileRef = B7DC14FA2B58546600E15AA2 /* CropperEditorView.swift */; };
		B7F6ADD52B594CDB00879C2D /* VisualizerAndCropperEditorView.swift in Sources */ = {isa = PBXBuildFile; fileRef = B7F6ADD42B594CDB00879C2D /* VisualizerAndCropperEditorView.swift */; };
		B7F6ADD82B59AD1400879C2D /* HomeView.swift in Sources */ = {isa = PBXBuildFile; fileRef = B7F6ADD72B59AD1400879C2D /* HomeView.swift */; };
		B7F6ADDA2B59B25700879C2D /* NewImageView.swift in Sources */ = {isa = PBXBuildFile; fileRef = B7F6ADD92B59B25700879C2D /* NewImageView.swift */; };
/* End PBXBuildFile section */

/* Begin PBXFileReference section */
		B7B466C12B5A8C300082BE83 /* EditImageView.swift */ = {isa = PBXFileReference; lastKnownFileType = sourcecode.swift; path = EditImageView.swift; sourceTree = "<group>"; };
		B7B466C32B5A8EEA0082BE83 /* ImageInfo.swift */ = {isa = PBXFileReference; lastKnownFileType = sourcecode.swift; path = ImageInfo.swift; sourceTree = "<group>"; };
		B7B466C62B5A9E090082BE83 /* ImageVisualizerView.swift */ = {isa = PBXFileReference; lastKnownFileType = sourcecode.swift; path = ImageVisualizerView.swift; sourceTree = "<group>"; };
		B7B466C92B5AA9AF0082BE83 /* DSNewImageView.swift */ = {isa = PBXFileReference; fileEncoding = 4; lastKnownFileType = sourcecode.swift; path = DSNewImageView.swift; sourceTree = "<group>"; };
		B7B466CA2B5AA9AF0082BE83 /* DSEditImageView.swift */ = {isa = PBXFileReference; fileEncoding = 4; lastKnownFileType = sourcecode.swift; path = DSEditImageView.swift; sourceTree = "<group>"; };
		B7B466CB2B5AA9AF0082BE83 /* DSHomeView.swift */ = {isa = PBXFileReference; fileEncoding = 4; lastKnownFileType = sourcecode.swift; path = DSHomeView.swift; sourceTree = "<group>"; };
		B7B466CC2B5AA9AF0082BE83 /* DSImageInfo.swift */ = {isa = PBXFileReference; fileEncoding = 4; lastKnownFileType = sourcecode.swift; path = DSImageInfo.swift; sourceTree = "<group>"; };
		B7B466CD2B5AA9AF0082BE83 /* DSImageVisualizerView.swift */ = {isa = PBXFileReference; fileEncoding = 4; lastKnownFileType = sourcecode.swift; path = DSImageVisualizerView.swift; sourceTree = "<group>"; };
		B7B6A65A2B1F6FF3002FB3EB /* Virtual Crop.app */ = {isa = PBXFileReference; explicitFileType = wrapper.application; includeInIndex = 0; path = "Virtual Crop.app"; sourceTree = BUILT_PRODUCTS_DIR; };
		B7B6A65D2B1F6FF3002FB3EB /* Virtual_CropApp.swift */ = {isa = PBXFileReference; lastKnownFileType = sourcecode.swift; path = Virtual_CropApp.swift; sourceTree = "<group>"; };
		B7B6A65F2B1F6FF3002FB3EB /* ContentView.swift */ = {isa = PBXFileReference; lastKnownFileType = sourcecode.swift; path = ContentView.swift; sourceTree = "<group>"; };
		B7B6A6612B1F6FF4002FB3EB /* Assets.xcassets */ = {isa = PBXFileReference; lastKnownFileType = folder.assetcatalog; path = Assets.xcassets; sourceTree = "<group>"; };
		B7B6A6642B1F6FF4002FB3EB /* Preview Assets.xcassets */ = {isa = PBXFileReference; lastKnownFileType = folder.assetcatalog; path = "Preview Assets.xcassets"; sourceTree = "<group>"; };
		B7DC14FA2B58546600E15AA2 /* CropperEditorView.swift */ = {isa = PBXFileReference; lastKnownFileType = sourcecode.swift; path = CropperEditorView.swift; sourceTree = "<group>"; };
		B7F6ADD42B594CDB00879C2D /* VisualizerAndCropperEditorView.swift */ = {isa = PBXFileReference; lastKnownFileType = sourcecode.swift; path = VisualizerAndCropperEditorView.swift; sourceTree = "<group>"; };
		B7F6ADD72B59AD1400879C2D /* HomeView.swift */ = {isa = PBXFileReference; lastKnownFileType = sourcecode.swift; path = HomeView.swift; sourceTree = "<group>"; };
		B7F6ADD92B59B25700879C2D /* NewImageView.swift */ = {isa = PBXFileReference; lastKnownFileType = sourcecode.swift; path = NewImageView.swift; sourceTree = "<group>"; };
/* End PBXFileReference section */

/* Begin PBXFrameworksBuildPhase section */
		B7B6A6572B1F6FF3002FB3EB /* Frameworks */ = {
			isa = PBXFrameworksBuildPhase;
			buildActionMask = 2147483647;
			files = (
			);
			runOnlyForDeploymentPostprocessing = 0;
		};
/* End PBXFrameworksBuildPhase section */

/* Begin PBXGroup section */
		B7B466C82B5AA9AF0082BE83 /* DynamicSize */ = {
			isa = PBXGroup;
			children = (
				B7B466C92B5AA9AF0082BE83 /* DSNewImageView.swift */,
				B7B466CA2B5AA9AF0082BE83 /* DSEditImageView.swift */,
				B7B466CB2B5AA9AF0082BE83 /* DSHomeView.swift */,
				B7B466CC2B5AA9AF0082BE83 /* DSImageInfo.swift */,
				B7B466CD2B5AA9AF0082BE83 /* DSImageVisualizerView.swift */,
			);
			path = DynamicSize;
			sourceTree = "<group>";
		};
		B7B6A6512B1F6FF2002FB3EB = {
			isa = PBXGroup;
			children = (
				B7B6A65C2B1F6FF3002FB3EB /* Virtual Crop */,
				B7B6A65B2B1F6FF3002FB3EB /* Products */,
			);
			sourceTree = "<group>";
		};
		B7B6A65B2B1F6FF3002FB3EB /* Products */ = {
			isa = PBXGroup;
			children = (
				B7B6A65A2B1F6FF3002FB3EB /* Virtual Crop.app */,
			);
			name = Products;
			sourceTree = "<group>";
		};
		B7B6A65C2B1F6FF3002FB3EB /* Virtual Crop */ = {
			isa = PBXGroup;
			children = (
				B7B6A65D2B1F6FF3002FB3EB /* Virtual_CropApp.swift */,
				B7B6A65F2B1F6FF3002FB3EB /* ContentView.swift */,
				B7DC14FA2B58546600E15AA2 /* CropperEditorView.swift */,
				B7F6ADD42B594CDB00879C2D /* VisualizerAndCropperEditorView.swift */,
				B7B466C82B5AA9AF0082BE83 /* DynamicSize */,
				B7F6ADD62B59ACE200879C2D /* FixedSize */,
				B7B6A6612B1F6FF4002FB3EB /* Assets.xcassets */,
				B7B6A6632B1F6FF4002FB3EB /* Preview Content */,
			);
			path = "Virtual Crop";
			sourceTree = "<group>";
		};
		B7B6A6632B1F6FF4002FB3EB /* Preview Content */ = {
			isa = PBXGroup;
			children = (
				B7B6A6642B1F6FF4002FB3EB /* Preview Assets.xcassets */,
			);
			path = "Preview Content";
			sourceTree = "<group>";
		};
		B7F6ADD62B59ACE200879C2D /* FixedSize */ = {
			isa = PBXGroup;
			children = (
				B7B466C32B5A8EEA0082BE83 /* ImageInfo.swift */,
				B7F6ADD72B59AD1400879C2D /* HomeView.swift */,
				B7B466C62B5A9E090082BE83 /* ImageVisualizerView.swift */,
				B7F6ADD92B59B25700879C2D /* NewImageView.swift */,
				B7B466C12B5A8C300082BE83 /* EditImageView.swift */,
			);
			path = FixedSize;
			sourceTree = "<group>";
		};
/* End PBXGroup section */

/* Begin PBXNativeTarget section */
		B7B6A6592B1F6FF3002FB3EB /* Virtual Crop */ = {
			isa = PBXNativeTarget;
			buildConfigurationList = B7B6A6682B1F6FF4002FB3EB /* Build configuration list for PBXNativeTarget "Virtual Crop" */;
			buildPhases = (
				B7B6A6562B1F6FF3002FB3EB /* Sources */,
				B7B6A6572B1F6FF3002FB3EB /* Frameworks */,
				B7B6A6582B1F6FF3002FB3EB /* Resources */,
			);
			buildRules = (
			);
			dependencies = (
			);
			name = "Virtual Crop";
			productName = "Virtual Crop";
			productReference = B7B6A65A2B1F6FF3002FB3EB /* Virtual Crop.app */;
			productType = "com.apple.product-type.application";
		};
/* End PBXNativeTarget section */

/* Begin PBXProject section */
		B7B6A6522B1F6FF2002FB3EB /* Project object */ = {
			isa = PBXProject;
			attributes = {
				BuildIndependentTargetsInParallel = 1;
				LastSwiftUpdateCheck = 1500;
				LastUpgradeCheck = 1500;
				TargetAttributes = {
					B7B6A6592B1F6FF3002FB3EB = {
						CreatedOnToolsVersion = 15.0.1;
					};
				};
			};
			buildConfigurationList = B7B6A6552B1F6FF2002FB3EB /* Build configuration list for PBXProject "Virtual Crop" */;
			compatibilityVersion = "Xcode 14.0";
			developmentRegion = en;
			hasScannedForEncodings = 0;
			knownRegions = (
				en,
				Base,
			);
			mainGroup = B7B6A6512B1F6FF2002FB3EB;
			productRefGroup = B7B6A65B2B1F6FF3002FB3EB /* Products */;
			projectDirPath = "";
			projectRoot = "";
			targets = (
				B7B6A6592B1F6FF3002FB3EB /* Virtual Crop */,
			);
		};
/* End PBXProject section */

/* Begin PBXResourcesBuildPhase section */
		B7B6A6582B1F6FF3002FB3EB /* Resources */ = {
			isa = PBXResourcesBuildPhase;
			buildActionMask = 2147483647;
			files = (
				B7B6A6652B1F6FF4002FB3EB /* Preview Assets.xcassets in Resources */,
				B7B6A6622B1F6FF4002FB3EB /* Assets.xcassets in Resources */,
			);
			runOnlyForDeploymentPostprocessing = 0;
		};
/* End PBXResourcesBuildPhase section */

/* Begin PBXSourcesBuildPhase section */
		B7B6A6562B1F6FF3002FB3EB /* Sources */ = {
			isa = PBXSourcesBuildPhase;
			buildActionMask = 2147483647;
			files = (
				B7B466D22B5AA9AF0082BE83 /* DSImageVisualizerView.swift in Sources */,
				B7DC14FB2B58546600E15AA2 /* CropperEditorView.swift in Sources */,
				B7B466CE2B5AA9AF0082BE83 /* DSNewImageView.swift in Sources */,
				B7B466C42B5A8EEA0082BE83 /* ImageInfo.swift in Sources */,
				B7F6ADD52B594CDB00879C2D /* VisualizerAndCropperEditorView.swift in Sources */,
				B7B466CF2B5AA9AF0082BE83 /* DSEditImageView.swift in Sources */,
				B7B6A6602B1F6FF3002FB3EB /* ContentView.swift in Sources */,
				B7F6ADD82B59AD1400879C2D /* HomeView.swift in Sources */,
				B7B466D12B5AA9AF0082BE83 /* DSImageInfo.swift in Sources */,
				B7B466C22B5A8C300082BE83 /* EditImageView.swift in Sources */,
				B7F6ADDA2B59B25700879C2D /* NewImageView.swift in Sources */,
				B7B466D02B5AA9AF0082BE83 /* DSHomeView.swift in Sources */,
				B7B6A65E2B1F6FF3002FB3EB /* Virtual_CropApp.swift in Sources */,
				B7B466C72B5A9E090082BE83 /* ImageVisualizerView.swift in Sources */,
			);
			runOnlyForDeploymentPostprocessing = 0;
		};
/* End PBXSourcesBuildPhase section */

/* Begin XCBuildConfiguration section */
		B7B6A6662B1F6FF4002FB3EB /* Debug */ = {
			isa = XCBuildConfiguration;
			buildSettings = {
				ALWAYS_SEARCH_USER_PATHS = NO;
				ASSETCATALOG_COMPILER_GENERATE_SWIFT_ASSET_SYMBOL_EXTENSIONS = YES;
				CLANG_ANALYZER_NONNULL = YES;
				CLANG_ANALYZER_NUMBER_OBJECT_CONVERSION = YES_AGGRESSIVE;
				CLANG_CXX_LANGUAGE_STANDARD = "gnu++20";
				CLANG_ENABLE_MODULES = YES;
				CLANG_ENABLE_OBJC_ARC = YES;
				CLANG_ENABLE_OBJC_WEAK = YES;
				CLANG_WARN_BLOCK_CAPTURE_AUTORELEASING = YES;
				CLANG_WARN_BOOL_CONVERSION = YES;
				CLANG_WARN_COMMA = YES;
				CLANG_WARN_CONSTANT_CONVERSION = YES;
				CLANG_WARN_DEPRECATED_OBJC_IMPLEMENTATIONS = YES;
				CLANG_WARN_DIRECT_OBJC_ISA_USAGE = YES_ERROR;
				CLANG_WARN_DOCUMENTATION_COMMENTS = YES;
				CLANG_WARN_EMPTY_BODY = YES;
				CLANG_WARN_ENUM_CONVERSION = YES;
				CLANG_WARN_INFINITE_RECURSION = YES;
				CLANG_WARN_INT_CONVERSION = YES;
				CLANG_WARN_NON_LITERAL_NULL_CONVERSION = YES;
				CLANG_WARN_OBJC_IMPLICIT_RETAIN_SELF = YES;
				CLANG_WARN_OBJC_LITERAL_CONVERSION = YES;
				CLANG_WARN_OBJC_ROOT_CLASS = YES_ERROR;
				CLANG_WARN_QUOTED_INCLUDE_IN_FRAMEWORK_HEADER = YES;
				CLANG_WARN_RANGE_LOOP_ANALYSIS = YES;
				CLANG_WARN_STRICT_PROTOTYPES = YES;
				CLANG_WARN_SUSPICIOUS_MOVE = YES;
				CLANG_WARN_UNGUARDED_AVAILABILITY = YES_AGGRESSIVE;
				CLANG_WARN_UNREACHABLE_CODE = YES;
				CLANG_WARN__DUPLICATE_METHOD_MATCH = YES;
				COPY_PHASE_STRIP = NO;
				DEBUG_INFORMATION_FORMAT = dwarf;
				ENABLE_STRICT_OBJC_MSGSEND = YES;
				ENABLE_TESTABILITY = YES;
				ENABLE_USER_SCRIPT_SANDBOXING = YES;
				GCC_C_LANGUAGE_STANDARD = gnu17;
				GCC_DYNAMIC_NO_PIC = NO;
				GCC_NO_COMMON_BLOCKS = YES;
				GCC_OPTIMIZATION_LEVEL = 0;
				GCC_PREPROCESSOR_DEFINITIONS = (
					"DEBUG=1",
					"$(inherited)",
				);
				GCC_WARN_64_TO_32_BIT_CONVERSION = YES;
				GCC_WARN_ABOUT_RETURN_TYPE = YES_ERROR;
				GCC_WARN_UNDECLARED_SELECTOR = YES;
				GCC_WARN_UNINITIALIZED_AUTOS = YES_AGGRESSIVE;
				GCC_WARN_UNUSED_FUNCTION = YES;
				GCC_WARN_UNUSED_VARIABLE = YES;
				IPHONEOS_DEPLOYMENT_TARGET = 17.0;
				LOCALIZATION_PREFERS_STRING_CATALOGS = YES;
				MTL_ENABLE_DEBUG_INFO = INCLUDE_SOURCE;
				MTL_FAST_MATH = YES;
				ONLY_ACTIVE_ARCH = YES;
				SDKROOT = iphoneos;
				SWIFT_ACTIVE_COMPILATION_CONDITIONS = "DEBUG $(inherited)";
				SWIFT_OPTIMIZATION_LEVEL = "-Onone";
			};
			name = Debug;
		};
		B7B6A6672B1F6FF4002FB3EB /* Release */ = {
			isa = XCBuildConfiguration;
			buildSettings = {
				ALWAYS_SEARCH_USER_PATHS = NO;
				ASSETCATALOG_COMPILER_GENERATE_SWIFT_ASSET_SYMBOL_EXTENSIONS = YES;
				CLANG_ANALYZER_NONNULL = YES;
				CLANG_ANALYZER_NUMBER_OBJECT_CONVERSION = YES_AGGRESSIVE;
				CLANG_CXX_LANGUAGE_STANDARD = "gnu++20";
				CLANG_ENABLE_MODULES = YES;
				CLANG_ENABLE_OBJC_ARC = YES;
				CLANG_ENABLE_OBJC_WEAK = YES;
				CLANG_WARN_BLOCK_CAPTURE_AUTORELEASING = YES;
				CLANG_WARN_BOOL_CONVERSION = YES;
				CLANG_WARN_COMMA = YES;
				CLANG_WARN_CONSTANT_CONVERSION = YES;
				CLANG_WARN_DEPRECATED_OBJC_IMPLEMENTATIONS = YES;
				CLANG_WARN_DIRECT_OBJC_ISA_USAGE = YES_ERROR;
				CLANG_WARN_DOCUMENTATION_COMMENTS = YES;
				CLANG_WARN_EMPTY_BODY = YES;
				CLANG_WARN_ENUM_CONVERSION = YES;
				CLANG_WARN_INFINITE_RECURSION = YES;
				CLANG_WARN_INT_CONVERSION = YES;
				CLANG_WARN_NON_LITERAL_NULL_CONVERSION = YES;
				CLANG_WARN_OBJC_IMPLICIT_RETAIN_SELF = YES;
				CLANG_WARN_OBJC_LITERAL_CONVERSION = YES;
				CLANG_WARN_OBJC_ROOT_CLASS = YES_ERROR;
				CLANG_WARN_QUOTED_INCLUDE_IN_FRAMEWORK_HEADER = YES;
				CLANG_WARN_RANGE_LOOP_ANALYSIS = YES;
				CLANG_WARN_STRICT_PROTOTYPES = YES;
				CLANG_WARN_SUSPICIOUS_MOVE = YES;
				CLANG_WARN_UNGUARDED_AVAILABILITY = YES_AGGRESSIVE;
				CLANG_WARN_UNREACHABLE_CODE = YES;
				CLANG_WARN__DUPLICATE_METHOD_MATCH = YES;
				COPY_PHASE_STRIP = NO;
				DEBUG_INFORMATION_FORMAT = "dwarf-with-dsym";
				ENABLE_NS_ASSERTIONS = NO;
				ENABLE_STRICT_OBJC_MSGSEND = YES;
				ENABLE_USER_SCRIPT_SANDBOXING = YES;
				GCC_C_LANGUAGE_STANDARD = gnu17;
				GCC_NO_COMMON_BLOCKS = YES;
				GCC_WARN_64_TO_32_BIT_CONVERSION = YES;
				GCC_WARN_ABOUT_RETURN_TYPE = YES_ERROR;
				GCC_WARN_UNDECLARED_SELECTOR = YES;
				GCC_WARN_UNINITIALIZED_AUTOS = YES_AGGRESSIVE;
				GCC_WARN_UNUSED_FUNCTION = YES;
				GCC_WARN_UNUSED_VARIABLE = YES;
				IPHONEOS_DEPLOYMENT_TARGET = 17.0;
				LOCALIZATION_PREFERS_STRING_CATALOGS = YES;
				MTL_ENABLE_DEBUG_INFO = NO;
				MTL_FAST_MATH = YES;
				SDKROOT = iphoneos;
				SWIFT_COMPILATION_MODE = wholemodule;
				VALIDATE_PRODUCT = YES;
			};
			name = Release;
		};
		B7B6A6692B1F6FF4002FB3EB /* Debug */ = {
			isa = XCBuildConfiguration;
			buildSettings = {
				ASSETCATALOG_COMPILER_APPICON_NAME = AppIcon;
				ASSETCATALOG_COMPILER_GLOBAL_ACCENT_COLOR_NAME = AccentColor;
				CODE_SIGN_STYLE = Automatic;
				CURRENT_PROJECT_VERSION = 1;
				DEVELOPMENT_ASSET_PATHS = "\"Virtual Crop/Preview Content\"";
				DEVELOPMENT_TEAM = Y7XR3D999P;
				ENABLE_PREVIEWS = YES;
				GENERATE_INFOPLIST_FILE = YES;
				INFOPLIST_KEY_UIApplicationSceneManifest_Generation = YES;
				INFOPLIST_KEY_UIApplicationSupportsIndirectInputEvents = YES;
				INFOPLIST_KEY_UILaunchScreen_Generation = YES;
				INFOPLIST_KEY_UISupportedInterfaceOrientations_iPad = "UIInterfaceOrientationPortrait UIInterfaceOrientationPortraitUpsideDown UIInterfaceOrientationLandscapeLeft UIInterfaceOrientationLandscapeRight";
				INFOPLIST_KEY_UISupportedInterfaceOrientations_iPhone = "UIInterfaceOrientationPortrait UIInterfaceOrientationLandscapeLeft UIInterfaceOrientationLandscapeRight";
				IPHONEOS_DEPLOYMENT_TARGET = 16.0;
				LD_RUNPATH_SEARCH_PATHS = (
					"$(inherited)",
					"@executable_path/Frameworks",
				);
				MARKETING_VERSION = 1.0;
				PRODUCT_BUNDLE_IDENTIFIER = "com.djeniferrenata.Virtual-Crop";
				PRODUCT_NAME = "$(TARGET_NAME)";
				SWIFT_EMIT_LOC_STRINGS = YES;
				SWIFT_VERSION = 5.0;
				TARGETED_DEVICE_FAMILY = "1,2";
			};
			name = Debug;
		};
		B7B6A66A2B1F6FF4002FB3EB /* Release */ = {
			isa = XCBuildConfiguration;
			buildSettings = {
				ASSETCATALOG_COMPILER_APPICON_NAME = AppIcon;
				ASSETCATALOG_COMPILER_GLOBAL_ACCENT_COLOR_NAME = AccentColor;
				CODE_SIGN_STYLE = Automatic;
				CURRENT_PROJECT_VERSION = 1;
				DEVELOPMENT_ASSET_PATHS = "\"Virtual Crop/Preview Content\"";
				DEVELOPMENT_TEAM = Y7XR3D999P;
				ENABLE_PREVIEWS = YES;
				GENERATE_INFOPLIST_FILE = YES;
				INFOPLIST_KEY_UIApplicationSceneManifest_Generation = YES;
				INFOPLIST_KEY_UIApplicationSupportsIndirectInputEvents = YES;
				INFOPLIST_KEY_UILaunchScreen_Generation = YES;
				INFOPLIST_KEY_UISupportedInterfaceOrientations_iPad = "UIInterfaceOrientationPortrait UIInterfaceOrientationPortraitUpsideDown UIInterfaceOrientationLandscapeLeft UIInterfaceOrientationLandscapeRight";
				INFOPLIST_KEY_UISupportedInterfaceOrientations_iPhone = "UIInterfaceOrientationPortrait UIInterfaceOrientationLandscapeLeft UIInterfaceOrientationLandscapeRight";
				IPHONEOS_DEPLOYMENT_TARGET = 16.0;
				LD_RUNPATH_SEARCH_PATHS = (
					"$(inherited)",
					"@executable_path/Frameworks",
				);
				MARKETING_VERSION = 1.0;
				PRODUCT_BUNDLE_IDENTIFIER = "com.djeniferrenata.Virtual-Crop";
				PRODUCT_NAME = "$(TARGET_NAME)";
				SWIFT_EMIT_LOC_STRINGS = YES;
				SWIFT_VERSION = 5.0;
				TARGETED_DEVICE_FAMILY = "1,2";
			};
			name = Release;
		};
/* End XCBuildConfiguration section */

/* Begin XCConfigurationList section */
		B7B6A6552B1F6FF2002FB3EB /* Build configuration list for PBXProject "Virtual Crop" */ = {
			isa = XCConfigurationList;
			buildConfigurations = (
				B7B6A6662B1F6FF4002FB3EB /* Debug */,
				B7B6A6672B1F6FF4002FB3EB /* Release */,
			);
			defaultConfigurationIsVisible = 0;
			defaultConfigurationName = Release;
		};
		B7B6A6682B1F6FF4002FB3EB /* Build configuration list for PBXNativeTarget "Virtual Crop" */ = {
			isa = XCConfigurationList;
			buildConfigurations = (
				B7B6A6692B1F6FF4002FB3EB /* Debug */,
				B7B6A66A2B1F6FF4002FB3EB /* Release */,
			);
			defaultConfigurationIsVisible = 0;
			defaultConfigurationName = Release;
		};
/* End XCConfigurationList section */
	};
	rootObject = B7B6A6522B1F6FF2002FB3EB /* Project object */;
}
